
Microsoft Visual Studio Solution File, Format Version 12.00
# Visual Studio Version 17
VisualStudioVersion = 17.2.32630.192
MinimumVisualStudioVersion = 10.0.40219.1
Project("{FAE04EC0-301F-11D3-BF4B-00C04F79EFBC}") = "dotnet-heroku", "dotnet-heroku\dotnet-heroku.csproj", "{692F1AC9-5969-404C-8074-76BDBC888C34}"
EndProject
Global
	GlobalSection(SolutionConfigurationPlatforms) = preSolution
		Debug|Any CPU = Debug|Any CPU
		Release|Any CPU = Release|Any CPU
	EndGlobalSection
	GlobalSection(ProjectConfigurationPlatforms) = postSolution
		{692F1AC9-5969-404C-8074-76BDBC888C34}.Debug|Any CPU.ActiveCfg = Debug|Any CPU
		{692F1AC9-5969-404C-8074-76BDBC888C34}.Debug|Any CPU.Build.0 = Debug|Any CPU
		{692F1AC9-5969-404C-8074-76BDBC888C34}.Release|Any CPU.ActiveCfg = Release|Any CPU
		{692F1AC9-5969-404C-8074-76BDBC888C34}.Release|Any CPU.Build.0 = Release|Any CPU
	EndGlobalSection
	GlobalSection(SolutionProperties) = preSolution
		HideSolutionNode = FALSE
	EndGlobalSection
	GlobalSection(ExtensibilityGlobals) = postSolution
		SolutionGuid = {72F2DDD2-D667-43F6-AE09-9A6B21E9B4C1}
	EndGlobalSection
EndGlobal
